Microsoft Visual Studio Solution File, Format Version 12.00
# Visual Studio Version 17
VisualStudioVersion = 17.5.2.0
MinimumVisualStudioVersion = 10.0.40219.1
Project("{FAE04EC0-301F-11D3-BF4B-00C04F79EFBC}") = "WebApplication", "WebApplication.csproj", "{4F847D44-04B1-75A3-0A9B-B9D80E443F1A}"
EndProject
Global
	GlobalSection(SolutionConfigurationPlatforms) = preSolution
		Debug|Any CPU = Debug|Any CPU
		Release|Any CPU = Release|Any CPU
	EndGlobalSection
	GlobalSection(ProjectConfigurationPlatforms) = postSolution
		{4F847D44-04B1-75A3-0A9B-B9D80E443F1A}.Debug|Any CPU.ActiveCfg = Debug|Any CPU
		{4F847D44-04B1-75A3-0A9B-B9D80E443F1A}.Debug|Any CPU.Build.0 = Debug|Any CPU
		{4F847D44-04B1-75A3-0A9B-B9D80E443F1A}.Release|Any CPU.ActiveCfg = Release|Any CPU
		{4F847D44-04B1-75A3-0A9B-B9D80E443F1A}.Release|Any CPU.Build.0 = Release|Any CPU
	EndGlobalSection
	GlobalSection(SolutionProperties) = preSolution
		HideSolutionNode = FALSE
	EndGlobalSection
	GlobalSection(ExtensibilityGlobals) = postSolution
		SolutionGuid = {C33E363C-657D-4BB6-8D84-6CC2FF8D8039}
	EndGlobalSection
EndGlobal
